// !$*UTF8*$!
{
	archiveVersion = 1;
	classes = {
	};
	objectVersion = 46;
	objects = {

/* Begin PBXBuildFile section */
		B827CF9C1C34F90200F9CC76 /* AppDelegate.swift in Sources */ = {isa = PBXBuildFile; fileRef = B827CF9B1C34F90200F9CC76 /* AppDelegate.swift */; };
		B827CFA31C34F90200F9CC76 /* Assets.xcassets in Resources */ = {isa = PBXBuildFile; fileRef = B827CFA21C34F90200F9CC76 /* Assets.xcassets */; };
		B827CFAE1C34F90200F9CC76 /* slovakradioUITests.swift in Sources */ = {isa = PBXBuildFile; fileRef = B827CFAD1C34F90200F9CC76 /* slovakradioUITests.swift */; };
		B83502701C401F560092B272 /* ResourceLoaderLocal.swift in Sources */ = {isa = PBXBuildFile; fileRef = B835026F1C401F560092B272 /* ResourceLoaderLocal.swift */; };
		B83502781C40391F0092B272 /* tvml in Resources */ = {isa = PBXBuildFile; fileRef = B83502771C40391F0092B272 /* tvml */; };
		B835027A1C4101F40092B272 /* JavascriptLogger.swift in Sources */ = {isa = PBXBuildFile; fileRef = B83502791C4101F40092B272 /* JavascriptLogger.swift */; };
		B85CD8271C368DAB0058C2BA /* docs in Resources */ = {isa = PBXBuildFile; fileRef = B85CD8251C368DAB0058C2BA /* docs */; };
		B8B784561C39221000192762 /* Development.plist in Resources */ = {isa = PBXBuildFile; fileRef = B8B784551C39221000192762 /* Development.plist */; };
		B8B784581C39221D00192762 /* Production.plist in Resources */ = {isa = PBXBuildFile; fileRef = B8B784571C39221D00192762 /* Production.plist */; };
		B8B7845A1C3D07D600192762 /* Configuration.swift in Sources */ = {isa = PBXBuildFile; fileRef = B8B784591C3D07D600192762 /* Configuration.swift */; };
/* End PBXBuildFile section */

/* Begin PBXContainerItemProxy section */
		B827CFAA1C34F90200F9CC76 /* PBXContainerItemProxy */ = {
			isa = PBXContainerItemProxy;
			containerPortal = B827CF901C34F90200F9CC76 /* Project object */;
			proxyType = 1;
			remoteGlobalIDString = B827CF971C34F90200F9CC76;
			remoteInfo = slovakradio;
		};
/* End PBXContainerItemProxy section */

/* Begin PBXFileReference section */
		B827CF981C34F90200F9CC76 /* slovakradio.app */ = {isa = PBXFileReference; explicitFileType = wrapper.application; includeInIndex = 0; path = slovakradio.app; sourceTree = BUILT_PRODUCTS_DIR; };
		B827CF9B1C34F90200F9CC76 /* AppDelegate.swift */ = {isa = PBXFileReference; lastKnownFileType = sourcecode.swift; path = AppDelegate.swift; sourceTree = "<group>"; };
		B827CFA21C34F90200F9CC76 /* Assets.xcassets */ = {isa = PBXFileReference; lastKnownFileType = folder.assetcatalog; path = Assets.xcassets; sourceTree = "<group>"; };
		B827CFA41C34F90200F9CC76 /* Info.plist */ = {isa = PBXFileReference; lastKnownFileType = text.plist.xml; path = Info.plist; sourceTree = "<group>"; };
		B827CFA91C34F90200F9CC76 /* slovakradioUITests.xctest */ = {isa = PBXFileReference; explicitFileType = wrapper.cfbundle; includeInIndex = 0; path = slovakradioUITests.xctest; sourceTree = BUILT_PRODUCTS_DIR; };
		B827CFAD1C34F90200F9CC76 /* slovakradioUITests.swift */ = {isa = PBXFileReference; lastKnownFileType = sourcecode.swift; path = slovakradioUITests.swift; sourceTree = "<group>"; };
		B827CFAF1C34F90200F9CC76 /* Info.plist */ = {isa = PBXFileReference; lastKnownFileType = text.plist.xml; path = Info.plist; sourceTree = "<group>"; };
		B827CFB81C34F98900F9CC76 /* README.md */ = {isa = PBXFileReference; lastKnownFileType = net.daringfireball.markdown; path = README.md; sourceTree = "<group>"; };
		B835026F1C401F560092B272 /* ResourceLoaderLocal.swift */ = {isa = PBXFileReference; fileEncoding = 4; lastKnownFileType = sourcecode.swift; path = ResourceLoaderLocal.swift; sourceTree = "<group>"; };
		B83502771C40391F0092B272 /* tvml */ = {isa = PBXFileReference; lastKnownFileType = folder; path = tvml; sourceTree = "<group>"; };
		B83502791C4101F40092B272 /* JavascriptLogger.swift */ = {isa = PBXFileReference; fileEncoding = 4; lastKnownFileType = sourcecode.swift; path = JavascriptLogger.swift; sourceTree = "<group>"; };
		B85CD8251C368DAB0058C2BA /* docs */ = {isa = PBXFileReference; lastKnownFileType = folder; path = docs; sourceTree = "<group>"; };
		B8B784551C39221000192762 /* Development.plist */ = {isa = PBXFileReference; fileEncoding = 4; lastKnownFileType = text.plist.xml; path = Development.plist; sourceTree = "<group>"; };
		B8B784571C39221D00192762 /* Production.plist */ = {isa = PBXFileReference; fileEncoding = 4; lastKnownFileType = text.plist.xml; path = Production.plist; sourceTree = "<group>"; };
		B8B784591C3D07D600192762 /* Configuration.swift */ = {isa = PBXFileReference; fileEncoding = 4; lastKnownFileType = sourcecode.swift; path = Configuration.swift; sourceTree = "<group>"; };
/* End PBXFileReference section */

/* Begin PBXFrameworksBuildPhase section */
		B827CF951C34F90200F9CC76 /* Frameworks */ = {
			isa = PBXFrameworksBuildPhase;
			buildActionMask = 2147483647;
			files = (
			);
			runOnlyForDeploymentPostprocessing = 0;
		};
		B827CFA61C34F90200F9CC76 /* Frameworks */ = {
			isa = PBXFrameworksBuildPhase;
			buildActionMask = 2147483647;
			files = (
			);
			runOnlyForDeploymentPostprocessing = 0;
		};
/* End PBXFrameworksBuildPhase section */

/* Begin PBXGroup section */
		B827CF8F1C34F90200F9CC76 = {
			isa = PBXGroup;
			children = (
				B85CD8251C368DAB0058C2BA /* docs */,
				B827CFB81C34F98900F9CC76 /* README.md */,
				B827CF9A1C34F90200F9CC76 /* slovakradio */,
				B827CFAC1C34F90200F9CC76 /* slovakradioUITests */,
				B827CF991C34F90200F9CC76 /* Products */,
			);
			sourceTree = "<group>";
		};
		B827CF991C34F90200F9CC76 /* Products */ = {
			isa = PBXGroup;
			children = (
				B827CF981C34F90200F9CC76 /* slovakradio.app */,
				B827CFA91C34F90200F9CC76 /* slovakradioUITests.xctest */,
			);
			name = Products;
			sourceTree = "<group>";
		};
		B827CF9A1C34F90200F9CC76 /* slovakradio */ = {
			isa = PBXGroup;
			children = (
				B83502771C40391F0092B272 /* tvml */,
				B827CF9B1C34F90200F9CC76 /* AppDelegate.swift */,
				B827CFA21C34F90200F9CC76 /* Assets.xcassets */,
				B827CFA41C34F90200F9CC76 /* Info.plist */,
				B8B784551C39221000192762 /* Development.plist */,
				B8B784571C39221D00192762 /* Production.plist */,
				B8B784591C3D07D600192762 /* Configuration.swift */,
				B835026F1C401F560092B272 /* ResourceLoaderLocal.swift */,
				B83502791C4101F40092B272 /* JavascriptLogger.swift */,
			);
			path = slovakradio;
			sourceTree = "<group>";
		};
		B827CFAC1C34F90200F9CC76 /* slovakradioUITests */ = {
			isa = PBXGroup;
			children = (
				B827CFAD1C34F90200F9CC76 /* slovakradioUITests.swift */,
				B827CFAF1C34F90200F9CC76 /* Info.plist */,
			);
			path = slovakradioUITests;
			sourceTree = "<group>";
		};
/* End PBXGroup section */

/* Begin PBXNativeTarget section */
		B827CF971C34F90200F9CC76 /* slovakradio */ = {
			isa = PBXNativeTarget;
			buildConfigurationList = B827CFB21C34F90200F9CC76 /* Build configuration list for PBXNativeTarget "slovakradio" */;
			buildPhases = (
				B827CF941C34F90200F9CC76 /* Sources */,
				B827CF951C34F90200F9CC76 /* Frameworks */,
				B827CF961C34F90200F9CC76 /* Resources */,
			);
			buildRules = (
			);
			dependencies = (
			);
			name = slovakradio;
			productName = slovakradio;
			productReference = B827CF981C34F90200F9CC76 /* slovakradio.app */;
			productType = "com.apple.product-type.application";
		};
		B827CFA81C34F90200F9CC76 /* slovakradioUITests */ = {
			isa = PBXNativeTarget;
			buildConfigurationList = B827CFB51C34F90200F9CC76 /* Build configuration list for PBXNativeTarget "slovakradioUITests" */;
			buildPhases = (
				B827CFA51C34F90200F9CC76 /* Sources */,
				B827CFA61C34F90200F9CC76 /* Frameworks */,
				B827CFA71C34F90200F9CC76 /* Resources */,
			);
			buildRules = (
			);
			dependencies = (
				B827CFAB1C34F90200F9CC76 /* PBXTargetDependency */,
			);
			name = slovakradioUITests;
			productName = slovakradioUITests;
			productReference = B827CFA91C34F90200F9CC76 /* slovakradioUITests.xctest */;
			productType = "com.apple.product-type.bundle.ui-testing";
		};
/* End PBXNativeTarget section */

/* Begin PBXProject section */
		B827CF901C34F90200F9CC76 /* Project object */ = {
			isa = PBXProject;
			attributes = {
				LastSwiftUpdateCheck = 0720;
				LastUpgradeCheck = 0720;
				ORGANIZATIONNAME = "Miroslav Vasko";
				TargetAttributes = {
					B827CF971C34F90200F9CC76 = {
						CreatedOnToolsVersion = 7.2;
					};
					B827CFA81C34F90200F9CC76 = {
						CreatedOnToolsVersion = 7.2;
						TestTargetID = B827CF971C34F90200F9CC76;
					};
				};
			};
			buildConfigurationList = B827CF931C34F90200F9CC76 /* Build configuration list for PBXProject "slovakradio" */;
			compatibilityVersion = "Xcode 3.2";
			developmentRegion = English;
			hasScannedForEncodings = 0;
			knownRegions = (
				en,
				Base,
			);
			mainGroup = B827CF8F1C34F90200F9CC76;
			productRefGroup = B827CF991C34F90200F9CC76 /* Products */;
			projectDirPath = "";
			projectRoot = "";
			targets = (
				B827CF971C34F90200F9CC76 /* slovakradio */,
				B827CFA81C34F90200F9CC76 /* slovakradioUITests */,
			);
		};
/* End PBXProject section */

/* Begin PBXResourcesBuildPhase section */
		B827CF961C34F90200F9CC76 /* Resources */ = {
			isa = PBXResourcesBuildPhase;
			buildActionMask = 2147483647;
			files = (
				B827CFA31C34F90200F9CC76 /* Assets.xcassets in Resources */,
				B8B784581C39221D00192762 /* Production.plist in Resources */,
				B83502781C40391F0092B272 /* tvml in Resources */,
				B8B784561C39221000192762 /* Development.plist in Resources */,
				B85CD8271C368DAB0058C2BA /* docs in Resources */,
			);
			runOnlyForDeploymentPostprocessing = 0;
		};
		B827CFA71C34F90200F9CC76 /* Resources */ = {
			isa = PBXResourcesBuildPhase;
			buildActionMask = 2147483647;
			files = (
			);
			runOnlyForDeploymentPostprocessing = 0;
		};
/* End PBXResourcesBuildPhase section */

/* Begin PBXSourcesBuildPhase section */
		B827CF941C34F90200F9CC76 /* Sources */ = {
			isa = PBXSourcesBuildPhase;
			buildActionMask = 2147483647;
			files = (
				B835027A1C4101F40092B272 /* JavascriptLogger.swift in Sources */,
				B8B7845A1C3D07D600192762 /* Configuration.swift in Sources */,
				B827CF9C1C34F90200F9CC76 /* AppDelegate.swift in Sources */,
				B83502701C401F560092B272 /* ResourceLoaderLocal.swift in Sources */,
			);
			runOnlyForDeploymentPostprocessing = 0;
		};
		B827CFA51C34F90200F9CC76 /* Sources */ = {
			isa = PBXSourcesBuildPhase;
			buildActionMask = 2147483647;
			files = (
				B827CFAE1C34F90200F9CC76 /* slovakradioUITests.swift in Sources */,
			);
			runOnlyForDeploymentPostprocessing = 0;
		};
/* End PBXSourcesBuildPhase section */

/* Begin PBXTargetDependency section */
		B827CFAB1C34F90200F9CC76 /* PBXTargetDependency */ = {
			isa = PBXTargetDependency;
			target = B827CF971C34F90200F9CC76 /* slovakradio */;
			targetProxy = B827CFAA1C34F90200F9CC76 /* PBXContainerItemProxy */;
		};
/* End PBXTargetDependency section */

/* Begin XCBuildConfiguration section */
		B827CFB01C34F90200F9CC76 /* Development */ = {
			isa = XCBuildConfiguration;
			buildSettings = {
				ALWAYS_SEARCH_USER_PATHS = NO;
				CLANG_CXX_LANGUAGE_STANDARD = "gnu++0x";
				CLANG_CXX_LIBRARY = "libc++";
				CLANG_ENABLE_MODULES = YES;
				CLANG_ENABLE_OBJC_ARC = YES;
				CLANG_WARN_BOOL_CONVERSION = YES;
				CLANG_WARN_CONSTANT_CONVERSION = YES;
				CLANG_WARN_DIRECT_OBJC_ISA_USAGE = YES_ERROR;
				CLANG_WARN_EMPTY_BODY = YES;
				CLANG_WARN_ENUM_CONVERSION = YES;
				CLANG_WARN_INT_CONVERSION = YES;
				CLANG_WARN_OBJC_ROOT_CLASS = YES_ERROR;
				CLANG_WARN_UNREACHABLE_CODE = YES;
				CLANG_WARN__DUPLICATE_METHOD_MATCH = YES;
				COPY_PHASE_STRIP = NO;
				DEBUG_INFORMATION_FORMAT = dwarf;
				ENABLE_STRICT_OBJC_MSGSEND = YES;
				ENABLE_TESTABILITY = YES;
				GCC_C_LANGUAGE_STANDARD = gnu99;
				GCC_DYNAMIC_NO_PIC = NO;
				GCC_NO_COMMON_BLOCKS = YES;
				GCC_OPTIMIZATION_LEVEL = 0;
				GCC_PREPROCESSOR_DEFINITIONS = (
					"DEBUG=1",
					"$(inherited)",
				);
				GCC_WARN_64_TO_32_BIT_CONVERSION = YES;
				GCC_WARN_ABOUT_RETURN_TYPE = YES_ERROR;
				GCC_WARN_UNDECLARED_SELECTOR = YES;
				GCC_WARN_UNINITIALIZED_AUTOS = YES_AGGRESSIVE;
				GCC_WARN_UNUSED_FUNCTION = YES;
				GCC_WARN_UNUSED_VARIABLE = YES;
				MTL_ENABLE_DEBUG_INFO = YES;
				ONLY_ACTIVE_ARCH = YES;
				SDKROOT = appletvos;
				SWIFT_OPTIMIZATION_LEVEL = "-Onone";
				TARGETED_DEVICE_FAMILY = 3;
				TVOS_DEPLOYMENT_TARGET = 9.1;
			};
			name = Development;
		};
		B827CFB11C34F90200F9CC76 /* Production */ = {
			isa = XCBuildConfiguration;
			buildSettings = {
				ALWAYS_SEARCH_USER_PATHS = NO;
				CLANG_CXX_LANGUAGE_STANDARD = "gnu++0x";
				CLANG_CXX_LIBRARY = "libc++";
				CLANG_ENABLE_MODULES = YES;
				CLANG_ENABLE_OBJC_ARC = YES;
				CLANG_WARN_BOOL_CONVERSION = YES;
				CLANG_WARN_CONSTANT_CONVERSION = YES;
				CLANG_WARN_DIRECT_OBJC_ISA_USAGE = YES_ERROR;
				CLANG_WARN_EMPTY_BODY = YES;
				CLANG_WARN_ENUM_CONVERSION = YES;
				CLANG_WARN_INT_CONVERSION = YES;
				CLANG_WARN_OBJC_ROOT_CLASS = YES_ERROR;
				CLANG_WARN_UNREACHABLE_CODE = YES;
				CLANG_WARN__DUPLICATE_METHOD_MATCH = YES;
				COPY_PHASE_STRIP = NO;
				DEBUG_INFORMATION_FORMAT = "dwarf-with-dsym";
				ENABLE_NS_ASSERTIONS = NO;
				ENABLE_STRICT_OBJC_MSGSEND = YES;
				GCC_C_LANGUAGE_STANDARD = gnu99;
				GCC_NO_COMMON_BLOCKS = YES;
				GCC_WARN_64_TO_32_BIT_CONVERSION = YES;
				GCC_WARN_ABOUT_RETURN_TYPE = YES_ERROR;
				GCC_WARN_UNDECLARED_SELECTOR = YES;
				GCC_WARN_UNINITIALIZED_AUTOS = YES_AGGRESSIVE;
				GCC_WARN_UNUSED_FUNCTION = YES;
				GCC_WARN_UNUSED_VARIABLE = YES;
				MTL_ENABLE_DEBUG_INFO = NO;
				SDKROOT = appletvos;
				TARGETED_DEVICE_FAMILY = 3;
				TVOS_DEPLOYMENT_TARGET = 9.1;
				VALIDATE_PRODUCT = YES;
			};
			name = Production;
		};
		B827CFB31C34F90200F9CC76 /* Development */ = {
			isa = XCBuildConfiguration;
			buildSettings = {
				ASSETCATALOG_COMPILER_APPICON_NAME = "App Icon & Top Shelf Image";
				ASSETCATALOG_COMPILER_LAUNCHIMAGE_NAME = LaunchImage;
				CONFIGURATION_PLIST = Development;
				INFOPLIST_FILE = slovakradio/Info.plist;
				LD_RUNPATH_SEARCH_PATHS = "$(inherited) @executable_path/Frameworks";
				PRODUCT_BUNDLE_IDENTIFIER = com.zemiak.slovakradio;
				PRODUCT_NAME = "$(TARGET_NAME)";
				TVOS_DEPLOYMENT_TARGET = 9.1;
			};
			name = Development;
		};
		B827CFB41C34F90200F9CC76 /* Production */ = {
			isa = XCBuildConfiguration;
			buildSettings = {
				ASSETCATALOG_COMPILER_APPICON_NAME = "App Icon & Top Shelf Image";
				ASSETCATALOG_COMPILER_LAUNCHIMAGE_NAME = LaunchImage;
				CONFIGURATION_PLIST = Production;
				INFOPLIST_FILE = slovakradio/Info.plist;
				LD_RUNPATH_SEARCH_PATHS = "$(inherited) @executable_path/Frameworks";
				PRODUCT_BUNDLE_IDENTIFIER = com.zemiak.slovakradio;
				PRODUCT_NAME = "$(TARGET_NAME)";
				TVOS_DEPLOYMENT_TARGET = 9.1;
			};
			name = Production;
		};
		B827CFB61C34F90200F9CC76 /* Development */ = {
			isa = XCBuildConfiguration;
			buildSettings = {
				INFOPLIST_FILE = slovakradioUITests/Info.plist;
				LD_RUNPATH_SEARCH_PATHS = "$(inherited) @executable_path/Frameworks @loader_path/Frameworks";
				PRODUCT_BUNDLE_IDENTIFIER = com.zemiak.slovakradioUITests;
				PRODUCT_NAME = "$(TARGET_NAME)";
				TEST_TARGET_NAME = slovakradio;
				USES_XCTRUNNER = YES;
			};
			name = Development;
		};
		B827CFB71C34F90200F9CC76 /* Production */ = {
			isa = XCBuildConfiguration;
			buildSettings = {
				INFOPLIST_FILE = slovakradioUITests/Info.plist;
				LD_RUNPATH_SEARCH_PATHS = "$(inherited) @executable_path/Frameworks @loader_path/Frameworks";
				PRODUCT_BUNDLE_IDENTIFIER = com.zemiak.slovakradioUITests;
				PRODUCT_NAME = "$(TARGET_NAME)";
				TEST_TARGET_NAME = slovakradio;
				USES_XCTRUNNER = YES;
			};
			name = Production;
		};
/* End XCBuildConfiguration section */

/* Begin XCConfigurationList section */
		B827CF931C34F90200F9CC76 /* Build configuration list for PBXProject "slovakradio" */ = {
			isa = XCConfigurationList;
			buildConfigurations = (
				B827CFB01C34F90200F9CC76 /* Development */,
				B827CFB11C34F90200F9CC76 /* Production */,
			);
			defaultConfigurationIsVisible = 0;
			defaultConfigurationName = Production;
		};
		B827CFB21C34F90200F9CC76 /* Build configuration list for PBXNativeTarget "slovakradio" */ = {
			isa = XCConfigurationList;
			buildConfigurations = (
				B827CFB31C34F90200F9CC76 /* Development */,
				B827CFB41C34F90200F9CC76 /* Production */,
			);
			defaultConfigurationIsVisible = 0;
			defaultConfigurationName = Production;
		};
		B827CFB51C34F90200F9CC76 /* Build configuration list for PBXNativeTarget "slovakradioUITests" */ = {
			isa = XCConfigurationList;
			buildConfigurations = (
				B827CFB61C34F90200F9CC76 /* Development */,
				B827CFB71C34F90200F9CC76 /* Production */,
			);
			defaultConfigurationIsVisible = 0;
			defaultConfigurationName = Production;
		};
/* End XCConfigurationList section */
	};
	rootObject = B827CF901C34F90200F9CC76 /* Project object */;
}
